
Microsoft Visual Studio Solution File, Format Version 12.00
# Visual Studio Version 17
VisualStudioVersion = 17.11.35327.3
MinimumVisualStudioVersion = 10.0.40219.1
Project("{FAE04EC0-301F-11D3-BF4B-00C04F79EFBC}") = "MyFigureArea", "MyFigureArea.csproj", "{0C1048EC-CDDD-4709-8984-BCEF1BB5AFCA}"
EndProject
Project("{FAE04EC0-301F-11D3-BF4B-00C04F79EFBC}") = "MyFigureAreaTests", "..\MyFigureAreaTests\MyFigureAreaTests.csproj", "{0B646B06-950A-402B-8362-DD999BBC3395}"
EndProject
Global
	GlobalSection(SolutionConfigurationPlatforms) = preSolution
		Debug|Any CPU = Debug|Any CPU
		Release|Any CPU = Release|Any CPU
	EndGlobalSection
	GlobalSection(ProjectConfigurationPlatforms) = postSolution
		{0C1048EC-CDDD-4709-8984-BCEF1BB5AFCA}.Debug|Any CPU.ActiveCfg = Debug|Any CPU
		{0C1048EC-CDDD-4709-8984-BCEF1BB5AFCA}.Debug|Any CPU.Build.0 = Debug|Any CPU
		{0C1048EC-CDDD-4709-8984-BCEF1BB5AFCA}.Release|Any CPU.ActiveCfg = Release|Any CPU
		{0C1048EC-CDDD-4709-8984-BCEF1BB5AFCA}.Release|Any CPU.Build.0 = Release|Any CPU
		{0B646B06-950A-402B-8362-DD999BBC3395}.Debug|Any CPU.ActiveCfg = Debug|Any CPU
		{0B646B06-950A-402B-8362-DD999BBC3395}.Debug|Any CPU.Build.0 = Debug|Any CPU
		{0B646B06-950A-402B-8362-DD999BBC3395}.Release|Any CPU.ActiveCfg = Release|Any CPU
		{0B646B06-950A-402B-8362-DD999BBC3395}.Release|Any CPU.Build.0 = Release|Any CPU
	EndGlobalSection
	GlobalSection(SolutionProperties) = preSolution
		HideSolutionNode = FALSE
	EndGlobalSection
	GlobalSection(ExtensibilityGlobals) = postSolution
		SolutionGuid = {24D1D48D-05B1-4FA1-B049-5795D5E117BF}
	EndGlobalSection
EndGlobal
